
Microsoft Visual Studio Solution File, Format Version 12.00
# Visual Studio Version 17
VisualStudioVersion = 17.2.32519.379
MinimumVisualStudioVersion = 10.0.40219.1
Project("{FAE04EC0-301F-11D3-BF4B-00C04F79EFBC}") = "SD-115-W22SD-Labs", "SD-115-W22SD-Labs.csproj", "{52D374CE-C230-4558-AB00-B57D9FF084BD}"
EndProject
Global
	GlobalSection(SolutionConfigurationPlatforms) = preSolution
		Debug|Any CPU = Debug|Any CPU
		Release|Any CPU = Release|Any CPU
	EndGlobalSection
	GlobalSection(ProjectConfigurationPlatforms) = postSolution
		{52D374CE-C230-4558-AB00-B57D9FF084BD}.Debug|Any CPU.ActiveCfg = Debug|Any CPU
		{52D374CE-C230-4558-AB00-B57D9FF084BD}.Debug|Any CPU.Build.0 = Debug|Any CPU
		{52D374CE-C230-4558-AB00-B57D9FF084BD}.Release|Any CPU.ActiveCfg = Release|Any CPU
		{52D374CE-C230-4558-AB00-B57D9FF084BD}.Release|Any CPU.Build.0 = Release|Any CPU
	EndGlobalSection
	GlobalSection(SolutionProperties) = preSolution
		HideSolutionNode = FALSE
	EndGlobalSection
	GlobalSection(ExtensibilityGlobals) = postSolution
		SolutionGuid = {D9CEA453-8F9A-4293-B651-1C43C8A927E9}
	EndGlobalSection
EndGlobal
